<?xml version="1.0" encoding="utf-8"?>
<Project ToolsVersion="17.0" xmlns="http://schemas.microsoft.com/developer/msbuild/2003">
  <ItemGroup>
    <CustomBuild Include="C:\Users\jerem\OneDrive\Desktop\SAGE\CMakeFiles\fc33dd6e3c691bbd2e4fef0e0d233e89\generate.stamp.rule">
      <Filter>CMake Rules</Filter>
    </CustomBuild>
  </ItemGroup>
  <ItemGroup>
    <Filter Include="CMake Rules">
      <UniqueIdentifier>{5790F922-AC38-3020-9821-49F966F3F6C2}</UniqueIdentifier>
    </Filter>
  </ItemGroup>
</Project>
